
Microsoft Visual Studio Solution File, Format Version 12.00
# Visual Studio 15
VisualStudioVersion = 15.0.28307.1300
MinimumVisualStudioVersion = 10.0.40219.1
Project("{FAE04EC0-301F-11D3-BF4B-00C04F79EFBC}") = "WpfApp1", "WpfApp1\WpfApp1.csproj", "{05867AC7-3051-48F6-BE0E-C105C80DD3D0}"
EndProject
Global
	GlobalSection(SolutionConfigurationPlatforms) = preSolution
		Debug|Any CPU = Debug|Any CPU
		Release|Any CPU = Release|Any CPU
	EndGlobalSection
	GlobalSection(ProjectConfigurationPlatforms) = postSolution
		{05867AC7-3051-48F6-BE0E-C105C80DD3D0}.Debug|Any CPU.ActiveCfg = Debug|Any CPU
		{05867AC7-3051-48F6-BE0E-C105C80DD3D0}.Debug|Any CPU.Build.0 = Debug|Any CPU
		{05867AC7-3051-48F6-BE0E-C105C80DD3D0}.Release|Any CPU.ActiveCfg = Release|Any CPU
		{05867AC7-3051-48F6-BE0E-C105C80DD3D0}.Release|Any CPU.Build.0 = Release|Any CPU
	EndGlobalSection
	GlobalSection(SolutionProperties) = preSolution
		HideSolutionNode = FALSE
	EndGlobalSection
	GlobalSection(ExtensibilityGlobals) = postSolution
		SolutionGuid = {173721DA-72A8-4A8B-A547-BC0D3CAD5F81}
	EndGlobalSection
EndGlobal
